
Microsoft Visual Studio Solution File, Format Version 12.00
# Visual Studio 15
VisualStudioVersion = 15.0.28010.2019
MinimumVisualStudioVersion = 10.0.40219.1
Project("{9A19103F-16F7-4668-BE54-9A1E7A4F7556}") = "SavannaApp", "SavannaApp\SavannaApp.csproj", "{E4413B3B-441E-4024-BA6E-27902DC13433}"
EndProject
Project("{9A19103F-16F7-4668-BE54-9A1E7A4F7556}") = "SavannaApp.Tests", "SavannaApp.Tests1\SavannaApp.Tests.csproj", "{81B0B009-4BC3-4D63-88A4-C417731F46F2}"
EndProject
Project("{9A19103F-16F7-4668-BE54-9A1E7A4F7556}") = "ImportingLibrary", "ImportingLibrary\ImportingLibrary.csproj", "{479A200F-DF45-440F-8B0F-443343B34490}"
EndProject
Project("{FAE04EC0-301F-11D3-BF4B-00C04F79EFBC}") = "ExportTurtle", "ExportTurtle\ExportTurtle.csproj", "{6823842E-ADDF-463A-B4D2-27BE7A43CEDC}"
EndProject
Project("{FAE04EC0-301F-11D3-BF4B-00C04F79EFBC}") = "Contracts", "Contracts\Contracts.csproj", "{8051096B-D813-456E-A610-A5034FBCD866}"
EndProject
Global
	GlobalSection(SolutionConfigurationPlatforms) = preSolution
		Debug|Any CPU = Debug|Any CPU
		Release|Any CPU = Release|Any CPU
	EndGlobalSection
	GlobalSection(ProjectConfigurationPlatforms) = postSolution
		{E4413B3B-441E-4024-BA6E-27902DC13433}.Debug|Any CPU.ActiveCfg = Debug|Any CPU
		{E4413B3B-441E-4024-BA6E-27902DC13433}.Debug|Any CPU.Build.0 = Debug|Any CPU
		{E4413B3B-441E-4024-BA6E-27902DC13433}.Release|Any CPU.ActiveCfg = Release|Any CPU
		{E4413B3B-441E-4024-BA6E-27902DC13433}.Release|Any CPU.Build.0 = Release|Any CPU
		{81B0B009-4BC3-4D63-88A4-C417731F46F2}.Debug|Any CPU.ActiveCfg = Debug|Any CPU
		{81B0B009-4BC3-4D63-88A4-C417731F46F2}.Debug|Any CPU.Build.0 = Debug|Any CPU
		{81B0B009-4BC3-4D63-88A4-C417731F46F2}.Release|Any CPU.ActiveCfg = Release|Any CPU
		{81B0B009-4BC3-4D63-88A4-C417731F46F2}.Release|Any CPU.Build.0 = Release|Any CPU
		{479A200F-DF45-440F-8B0F-443343B34490}.Debug|Any CPU.ActiveCfg = Release|Any CPU
		{479A200F-DF45-440F-8B0F-443343B34490}.Debug|Any CPU.Build.0 = Release|Any CPU
		{479A200F-DF45-440F-8B0F-443343B34490}.Release|Any CPU.ActiveCfg = Release|Any CPU
		{479A200F-DF45-440F-8B0F-443343B34490}.Release|Any CPU.Build.0 = Release|Any CPU
		{6823842E-ADDF-463A-B4D2-27BE7A43CEDC}.Debug|Any CPU.ActiveCfg = Release|Any CPU
		{6823842E-ADDF-463A-B4D2-27BE7A43CEDC}.Debug|Any CPU.Build.0 = Release|Any CPU
		{6823842E-ADDF-463A-B4D2-27BE7A43CEDC}.Release|Any CPU.ActiveCfg = Release|Any CPU
		{6823842E-ADDF-463A-B4D2-27BE7A43CEDC}.Release|Any CPU.Build.0 = Release|Any CPU
		{8051096B-D813-456E-A610-A5034FBCD866}.Debug|Any CPU.ActiveCfg = Release|Any CPU
		{8051096B-D813-456E-A610-A5034FBCD866}.Debug|Any CPU.Build.0 = Release|Any CPU
		{8051096B-D813-456E-A610-A5034FBCD866}.Release|Any CPU.ActiveCfg = Release|Any CPU
		{8051096B-D813-456E-A610-A5034FBCD866}.Release|Any CPU.Build.0 = Release|Any CPU
	EndGlobalSection
	GlobalSection(SolutionProperties) = preSolution
		HideSolutionNode = FALSE
	EndGlobalSection
	GlobalSection(ExtensibilityGlobals) = postSolution
		SolutionGuid = {CA3CE56D-381D-4CF2-A3B6-2A094BD8FF93}
	EndGlobalSection
	GlobalSection(Performance) = preSolution
		HasPerformanceSessions = true
	EndGlobalSection
EndGlobal
